# THIS IS AN AUTOGENERATED FILE. DO NOT EDIT THIS FILE DIRECTLY.
# yarn lockfile v1


antlr4@~4.5.3:
  version "4.5.3"
  resolved "https://registry.yarnpkg.com/antlr4/-/antlr4-4.5.3.tgz#0cef50fd2631759cdb59f32d8a0f5ec941e09b50"

argparse@^1.0.7:
  version "1.0.9"
  resolved "https://registry.yarnpkg.com/argparse/-/argparse-1.0.9.tgz#73d83bc263f86e97f8cc4f6bae1b0e90a7d22c86"
  dependencies:
    sprintf-js "~1.0.2"

entities@~1.1.1:
  version "1.1.1"
  resolved "https://registry.yarnpkg.com/entities/-/entities-1.1.1.tgz#6e5c2d0a5621b5dadaecef80b90edfb5cd7772f0"

fs-extra@^2.0.0:
  version "2.0.0"
  resolved "https://registry.yarnpkg.com/fs-extra/-/fs-extra-2.0.0.tgz#337352bded4a0b714f3eb84de8cea765e9d37600"
  dependencies:
    graceful-fs "^4.1.2"
    jsonfile "^2.1.0"

graceful-fs@^4.1.2, graceful-fs@^4.1.6:
  version "4.1.11"
  resolved "https://registry.yarnpkg.com/graceful-fs/-/graceful-fs-4.1.11.tgz#0e8bdfe4d1ddb8854d64e04ea7c00e2a026e5658"

jsonfile@^2.1.0:
  version "2.4.0"
  resolved "https://registry.yarnpkg.com/jsonfile/-/jsonfile-2.4.0.tgz#3736a2b428b87bbda0cc83b53fa3d633a35c2ae8"
  optionalDependencies:
    graceful-fs "^4.1.6"

linkify-it@^2.0.0:
  version "2.0.3"
  resolved "https://registry.yarnpkg.com/linkify-it/-/linkify-it-2.0.3.tgz#d94a4648f9b1c179d64fa97291268bdb6ce9434f"
  dependencies:
    uc.micro "^1.0.1"

markdown-it@~8.1.0:
  version "8.1.0"
  resolved "https://registry.yarnpkg.com/markdown-it/-/markdown-it-8.1.0.tgz#38902d4e7bac2260c073eb67be623211fbb2c2e3"
  dependencies:
    argparse "^1.0.7"
    entities "~1.1.1"
    linkify-it "^2.0.0"
    mdurl "^1.0.1"
    uc.micro "^1.0.3"

mdurl@^1.0.1:
  version "1.0.1"
  resolved "https://registry.yarnpkg.com/mdurl/-/mdurl-1.0.1.tgz#fe85b2ec75a59037f2adfec100fd6c601761152e"

minimist@0.0.8:
  version "0.0.8"
  resolved "https://registry.yarnpkg.com/minimist/-/minimist-0.0.8.tgz#857fcabfc3397d2625b8228262e86aa7a011b05d"

mkdirp@^0.5.1:
  version "0.5.1"
  resolved "https://registry.yarnpkg.com/mkdirp/-/mkdirp-0.5.1.tgz#30057438eac6cf7f8c4767f38648d6697d75c903"
  dependencies:
    minimist "0.0.8"

shr-expand@~4.1.0:
  version "4.1.0"
  resolved "https://registry.yarnpkg.com/shr-expand/-/shr-expand-4.1.0.tgz#c63dd76da84a392d39d248d518113cd4575bd8a7"
  dependencies:
    shr-models "~4.1.0"

shr-fhir-export@~4.0.0:
  version "4.0.0"
  resolved "https://registry.yarnpkg.com/shr-fhir-export/-/shr-fhir-export-4.0.0.tgz#ddabe7b63fcfb065d10e20f90c5f09536861e666"
  dependencies:
    fs-extra "^2.0.0"
    shr-models "~4.1.0"

shr-json-export@~4.2.0:
  version "4.2.0"
  resolved "https://registry.yarnpkg.com/shr-json-export/-/shr-json-export-4.2.0.tgz#6a0411ec357db9f093dc827f6c3717da2be3c451"
  dependencies:
    shr-models "~4.1.0"

shr-md-export@~4.1.0:
  version "4.1.0"
  resolved "https://registry.yarnpkg.com/shr-md-export/-/shr-md-export-4.1.0.tgz#cd9edba98cdf051f5055e7d028ef405c6f66edc0"
  dependencies:
    markdown-it "~8.1.0"
    shr-models "~4.1.0"

shr-models@~4.1.0:
  version "4.1.0"
  resolved "https://registry.yarnpkg.com/shr-models/-/shr-models-4.1.0.tgz#940d6037181d2e57cfd176d001bb8333434562c4"

shr-text-import@~4.1.1:
  version "4.1.1"
  resolved "https://registry.yarnpkg.com/shr-text-import/-/shr-text-import-4.1.1.tgz#00c87369f7c69c2223fa6702d648186779ae2710"
  dependencies:
    antlr4 "~4.5.3"
    shr-models "~4.1.0"

sprintf-js@~1.0.2:
  version "1.0.3"
  resolved "https://registry.yarnpkg.com/sprintf-js/-/sprintf-js-1.0.3.tgz#04e6926f662895354f3dd015203633b857297e2c"

uc.micro@^1.0.1, uc.micro@^1.0.3:
  version "1.0.3"
  resolved "https://registry.yarnpkg.com/uc.micro/-/uc.micro-1.0.3.tgz#7ed50d5e0f9a9fb0a573379259f2a77458d50192"
