# THIS IS AN AUTOGENERATED FILE. DO NOT EDIT THIS FILE DIRECTLY.
# yarn lockfile v1


antlr4@~4.5.3:
  version "4.5.3"
  resolved "https://registry.yarnpkg.com/antlr4/-/antlr4-4.5.3.tgz#0cef50fd2631759cdb59f32d8a0f5ec941e09b50"

argparse@^1.0.7:
  version "1.0.9"
  resolved "https://registry.yarnpkg.com/argparse/-/argparse-1.0.9.tgz#73d83bc263f86e97f8cc4f6bae1b0e90a7d22c86"
  dependencies:
    sprintf-js "~1.0.2"

entities@~1.1.1:
  version "1.1.1"
  resolved "https://registry.yarnpkg.com/entities/-/entities-1.1.1.tgz#6e5c2d0a5621b5dadaecef80b90edfb5cd7772f0"

linkify-it@^2.0.0:
  version "2.0.2"
  resolved "https://registry.yarnpkg.com/linkify-it/-/linkify-it-2.0.2.tgz#994629a4adfa5a7d34e08c075611575ab9b6fcfc"
  dependencies:
    uc.micro "^1.0.1"

markdown-it@~8.1.0:
  version "8.1.0"
  resolved "https://registry.yarnpkg.com/markdown-it/-/markdown-it-8.1.0.tgz#38902d4e7bac2260c073eb67be623211fbb2c2e3"
  dependencies:
    argparse "^1.0.7"
    entities "~1.1.1"
    linkify-it "^2.0.0"
    mdurl "^1.0.1"
    uc.micro "^1.0.3"

mdurl@^1.0.1:
  version "1.0.1"
  resolved "https://registry.yarnpkg.com/mdurl/-/mdurl-1.0.1.tgz#fe85b2ec75a59037f2adfec100fd6c601761152e"

minimist@0.0.8:
  version "0.0.8"
  resolved "https://registry.yarnpkg.com/minimist/-/minimist-0.0.8.tgz#857fcabfc3397d2625b8228262e86aa7a011b05d"

mkdirp@^0.5.1:
  version "0.5.1"
  resolved "https://registry.yarnpkg.com/mkdirp/-/mkdirp-0.5.1.tgz#30057438eac6cf7f8c4767f38648d6697d75c903"
  dependencies:
    minimist "0.0.8"

shr-expand@~4.0.1:
  version "4.0.1"
  resolved "https://registry.yarnpkg.com/shr-expand/-/shr-expand-4.0.1.tgz#173f8f269f43b19f770f574d770e60c1584cff9a"
  dependencies:
    shr-models "~4.0.0"

shr-json-export@~4.0.0:
  version "4.0.0"
  resolved "https://registry.yarnpkg.com/shr-json-export/-/shr-json-export-4.0.0.tgz#3df6ae4a10d98ab9b6c0fef5c3fa07407343a3c2"
  dependencies:
    shr-models "~4.0.0"

shr-md-export@~4.0.1:
  version "4.0.1"
  resolved "https://registry.yarnpkg.com/shr-md-export/-/shr-md-export-4.0.1.tgz#53904db0187b4aa98a48d2dc2aad7fde02c8412c"
  dependencies:
    markdown-it "~8.1.0"
    shr-models "~4.0.0"

shr-models@~4.0.0:
  version "4.0.0"
  resolved "https://registry.yarnpkg.com/shr-models/-/shr-models-4.0.0.tgz#2e506a1e9731d536ab1268b634d3a4767ca4cbf1"

shr-text-import@~4.0.0:
  version "4.0.0"
  resolved "https://registry.yarnpkg.com/shr-text-import/-/shr-text-import-4.0.0.tgz#50f695c31299490ad9069311d57199e9a35cd3b2"
  dependencies:
    antlr4 "~4.5.3"
    shr-models "~4.0.0"

sprintf-js@~1.0.2:
  version "1.0.3"
  resolved "https://registry.yarnpkg.com/sprintf-js/-/sprintf-js-1.0.3.tgz#04e6926f662895354f3dd015203633b857297e2c"

uc.micro@^1.0.1, uc.micro@^1.0.3:
  version "1.0.3"
  resolved "https://registry.yarnpkg.com/uc.micro/-/uc.micro-1.0.3.tgz#7ed50d5e0f9a9fb0a573379259f2a77458d50192"
